// !$*UTF8*$!
{
	archiveVersion = 1;
	classes = {
	};
	objectVersion = 48;
	objects = {

/* Begin PBXBuildFile section */
		46B45161F054D4670082505D /* Pods_MadridShopsTests.framework in Frameworks */ = {isa = PBXBuildFile; fileRef = 4BAB7AE552108C61C99168EB /* Pods_MadridShopsTests.framework */; };
		C2696AE788630192B4900B03 /* Pods_MadridShops.framework in Frameworks */ = {isa = PBXBuildFile; fileRef = AC21E528D692ECFA0129B9B9 /* Pods_MadridShops.framework */; };
		E51090C01F646AD60035DBD8 /* AppDelegate.swift in Sources */ = {isa = PBXBuildFile; fileRef = E51090BF1F646AD60035DBD8 /* AppDelegate.swift */; };
		E51090C21F646AD60035DBD8 /* ViewController.swift in Sources */ = {isa = PBXBuildFile; fileRef = E51090C11F646AD60035DBD8 /* ViewController.swift */; };
		E51090C51F646AD60035DBD8 /* Main.storyboard in Resources */ = {isa = PBXBuildFile; fileRef = E51090C31F646AD60035DBD8 /* Main.storyboard */; };
		E51090C71F646AD60035DBD8 /* Assets.xcassets in Resources */ = {isa = PBXBuildFile; fileRef = E51090C61F646AD60035DBD8 /* Assets.xcassets */; };
		E51090CA1F646AD60035DBD8 /* LaunchScreen.storyboard in Resources */ = {isa = PBXBuildFile; fileRef = E51090C81F646AD60035DBD8 /* LaunchScreen.storyboard */; };
		E51090E31F6476B80035DBD8 /* Shop.swift in Sources */ = {isa = PBXBuildFile; fileRef = E51090E21F6476B80035DBD8 /* Shop.swift */; };
		E51090E51F647BF10035DBD8 /* Shops.swift in Sources */ = {isa = PBXBuildFile; fileRef = E51090E41F647BF10035DBD8 /* Shops.swift */; };
		E51090E71F6487160035DBD8 /* ShopsTests.swift in Sources */ = {isa = PBXBuildFile; fileRef = E51090E61F6487160035DBD8 /* ShopsTests.swift */; };
		E5120D931F64AA4A00A67C46 /* DownloadAllShopsInteractor.swift in Sources */ = {isa = PBXBuildFile; fileRef = E5120D921F64AA4A00A67C46 /* DownloadAllShopsInteractor.swift */; };
		E5120D951F64AE5D00A67C46 /* Typealias.swift in Sources */ = {isa = PBXBuildFile; fileRef = E5120D941F64AE5D00A67C46 /* Typealias.swift */; };
		E5120D971F64AEAC00A67C46 /* DownloadAllShopsInteractorFakeImplementation.swift in Sources */ = {isa = PBXBuildFile; fileRef = E5120D961F64AEAC00A67C46 /* DownloadAllShopsInteractorFakeImplementation.swift */; };
		E5120D9A1F654D2800A67C46 /* MapKit.framework in Frameworks */ = {isa = PBXBuildFile; fileRef = E5120D991F654D2800A67C46 /* MapKit.framework */; };
		E5120D9C1F654F0300A67C46 /* ViewController+CollectionViewController.swift in Sources */ = {isa = PBXBuildFile; fileRef = E5120D9B1F654F0300A67C46 /* ViewController+CollectionViewController.swift */; };
		E5120D9E1F6553AE00A67C46 /* ShopCell.swift in Sources */ = {isa = PBXBuildFile; fileRef = E5120D9D1F6553AE00A67C46 /* ShopCell.swift */; };
		E517BE381F7026E400502522 /* CoreData.framework in Frameworks */ = {isa = PBXBuildFile; fileRef = E517BE371F7026E400502522 /* CoreData.framework */; };
		E517BE3B1F7027DF00502522 /* MadridShops.xcdatamodeld in Sources */ = {isa = PBXBuildFile; fileRef = E517BE391F7027DF00502522 /* MadridShops.xcdatamodeld */; };
		E517BE3D1F702A2800502522 /* CoreDataStack.swift in Sources */ = {isa = PBXBuildFile; fileRef = E517BE3C1F702A2800502522 /* CoreDataStack.swift */; };
		E517BE401F703BEB00502522 /* SaveAllShopsInteractor.swift in Sources */ = {isa = PBXBuildFile; fileRef = E517BE3F1F703BEB00502522 /* SaveAllShopsInteractor.swift */; };
		E517BE421F703D7800502522 /* SaveAllShopsInteractorImplementation.swift in Sources */ = {isa = PBXBuildFile; fileRef = E517BE411F703D7800502522 /* SaveAllShopsInteractorImplementation.swift */; };
		E561F8311F673CA700D4629C /* DownloadAllShopsInteractorNSOperationImplementation.swift in Sources */ = {isa = PBXBuildFile; fileRef = E561F8301F673CA700D4629C /* DownloadAllShopsInteractorNSOperationImplementation.swift */; };
		E582A7AF1F6D9F6500C87AA5 /* JSONParser.swift in Sources */ = {isa = PBXBuildFile; fileRef = E582A7AE1F6D9F6500C87AA5 /* JSONParser.swift */; };
		E582A7B11F6DA3A300C87AA5 /* DownloadAllShopsinteractorNSURLSessionImplementation.swift in Sources */ = {isa = PBXBuildFile; fileRef = E582A7B01F6DA3A300C87AA5 /* DownloadAllShopsinteractorNSURLSessionImplementation.swift */; };
		E582A7B31F6DC2AF00C87AA5 /* ShopDetailViewController.swift in Sources */ = {isa = PBXBuildFile; fileRef = E582A7B21F6DC2AF00C87AA5 /* ShopDetailViewController.swift */; };
		E582A7B61F6DF6DD00C87AA5 /* String+Image.swift in Sources */ = {isa = PBXBuildFile; fileRef = E582A7B51F6DF6DD00C87AA5 /* String+Image.swift */; };
		E59A99911F67124D007A1EEA /* Podfile in Resources */ = {isa = PBXBuildFile; fileRef = E59A99901F67124D007A1EEA /* Podfile */; };
		E5B40FC61F671E0100C2518D /* MainViewController.swift in Sources */ = {isa = PBXBuildFile; fileRef = E5B40FC51F671E0100C2518D /* MainViewController.swift */; };
/* End PBXBuildFile section */

/* Begin PBXContainerItemProxy section */
		E51090D11F646AD70035DBD8 /* PBXContainerItemProxy */ = {
			isa = PBXContainerItemProxy;
			containerPortal = E51090B41F646AD60035DBD8 /* Project object */;
			proxyType = 1;
			remoteGlobalIDString = E51090BB1F646AD60035DBD8;
			remoteInfo = MadridShops;
		};
/* End PBXContainerItemProxy section */

/* Begin PBXFileReference section */
		026DCF5AB51B5AD5A2B24587 /* Pods-MadridShopsTests.debug.xcconfig */ = {isa = PBXFileReference; includeInIndex = 1; lastKnownFileType = text.xcconfig; name = "Pods-MadridShopsTests.debug.xcconfig"; path = "Pods/Target Support Files/Pods-MadridShopsTests/Pods-MadridShopsTests.debug.xcconfig"; sourceTree = "<group>"; };
		1EF8DBB796F8CAB992D5B50A /* Pods-MadridShops.debug.xcconfig */ = {isa = PBXFileReference; includeInIndex = 1; lastKnownFileType = text.xcconfig; name = "Pods-MadridShops.debug.xcconfig"; path = "Pods/Target Support Files/Pods-MadridShops/Pods-MadridShops.debug.xcconfig"; sourceTree = "<group>"; };
		4BAB7AE552108C61C99168EB /* Pods_MadridShopsTests.framework */ = {isa = PBXFileReference; explicitFileType = wrapper.framework; includeInIndex = 0; path = Pods_MadridShopsTests.framework; sourceTree = BUILT_PRODUCTS_DIR; };
		793C16DD4B4C91C1D09FBF12 /* Pods-MadridShopsTests.release.xcconfig */ = {isa = PBXFileReference; includeInIndex = 1; lastKnownFileType = text.xcconfig; name = "Pods-MadridShopsTests.release.xcconfig"; path = "Pods/Target Support Files/Pods-MadridShopsTests/Pods-MadridShopsTests.release.xcconfig"; sourceTree = "<group>"; };
		94E184AE2C12F4EADBD2B2C9 /* Pods-MadridShops.release.xcconfig */ = {isa = PBXFileReference; includeInIndex = 1; lastKnownFileType = text.xcconfig; name = "Pods-MadridShops.release.xcconfig"; path = "Pods/Target Support Files/Pods-MadridShops/Pods-MadridShops.release.xcconfig"; sourceTree = "<group>"; };
		AC21E528D692ECFA0129B9B9 /* Pods_MadridShops.framework */ = {isa = PBXFileReference; explicitFileType = wrapper.framework; includeInIndex = 0; path = Pods_MadridShops.framework; sourceTree = BUILT_PRODUCTS_DIR; };
		E51090BC1F646AD60035DBD8 /* MadridShops.app */ = {isa = PBXFileReference; explicitFileType = wrapper.application; includeInIndex = 0; path = MadridShops.app; sourceTree = BUILT_PRODUCTS_DIR; };
		E51090BF1F646AD60035DBD8 /* AppDelegate.swift */ = {isa = PBXFileReference; lastKnownFileType = sourcecode.swift; path = AppDelegate.swift; sourceTree = "<group>"; };
		E51090C11F646AD60035DBD8 /* ViewController.swift */ = {isa = PBXFileReference; lastKnownFileType = sourcecode.swift; path = ViewController.swift; sourceTree = "<group>"; };
		E51090C41F646AD60035DBD8 /* Base */ = {isa = PBXFileReference; lastKnownFileType = file.storyboard; name = Base; path = Base.lproj/Main.storyboard; sourceTree = "<group>"; };
		E51090C61F646AD60035DBD8 /* Assets.xcassets */ = {isa = PBXFileReference; lastKnownFileType = folder.assetcatalog; path = Assets.xcassets; sourceTree = "<group>"; };
		E51090C91F646AD60035DBD8 /* Base */ = {isa = PBXFileReference; lastKnownFileType = file.storyboard; name = Base; path = Base.lproj/LaunchScreen.storyboard; sourceTree = "<group>"; };
		E51090CB1F646AD60035DBD8 /* Info.plist */ = {isa = PBXFileReference; lastKnownFileType = text.plist.xml; path = Info.plist; sourceTree = "<group>"; };
		E51090D01F646AD70035DBD8 /* MadridShopsTests.xctest */ = {isa = PBXFileReference; explicitFileType = wrapper.cfbundle; includeInIndex = 0; path = MadridShopsTests.xctest; sourceTree = BUILT_PRODUCTS_DIR; };
		E51090D61F646AD70035DBD8 /* Info.plist */ = {isa = PBXFileReference; lastKnownFileType = text.plist.xml; path = Info.plist; sourceTree = "<group>"; };
		E51090E21F6476B80035DBD8 /* Shop.swift */ = {isa = PBXFileReference; lastKnownFileType = sourcecode.swift; path = Shop.swift; sourceTree = "<group>"; };
		E51090E41F647BF10035DBD8 /* Shops.swift */ = {isa = PBXFileReference; lastKnownFileType = sourcecode.swift; path = Shops.swift; sourceTree = "<group>"; };
		E51090E61F6487160035DBD8 /* ShopsTests.swift */ = {isa = PBXFileReference; lastKnownFileType = sourcecode.swift; path = ShopsTests.swift; sourceTree = "<group>"; };
		E5120D921F64AA4A00A67C46 /* DownloadAllShopsInteractor.swift */ = {isa = PBXFileReference; lastKnownFileType = sourcecode.swift; path = DownloadAllShopsInteractor.swift; sourceTree = "<group>"; };
		E5120D941F64AE5D00A67C46 /* Typealias.swift */ = {isa = PBXFileReference; lastKnownFileType = sourcecode.swift; path = Typealias.swift; sourceTree = "<group>"; };
		E5120D961F64AEAC00A67C46 /* DownloadAllShopsInteractorFakeImplementation.swift */ = {isa = PBXFileReference; lastKnownFileType = sourcecode.swift; path = DownloadAllShopsInteractorFakeImplementation.swift; sourceTree = "<group>"; };
		E5120D991F654D2800A67C46 /* MapKit.framework */ = {isa = PBXFileReference; lastKnownFileType = wrapper.framework; name = MapKit.framework; path = System/Library/Frameworks/MapKit.framework; sourceTree = SDKROOT; };
		E5120D9B1F654F0300A67C46 /* ViewController+CollectionViewController.swift */ = {isa = PBXFileReference; lastKnownFileType = sourcecode.swift; path = "ViewController+CollectionViewController.swift"; sourceTree = "<group>"; };
		E5120D9D1F6553AE00A67C46 /* ShopCell.swift */ = {isa = PBXFileReference; lastKnownFileType = sourcecode.swift; path = ShopCell.swift; sourceTree = "<group>"; };
		E517BE371F7026E400502522 /* CoreData.framework */ = {isa = PBXFileReference; lastKnownFileType = wrapper.framework; name = CoreData.framework; path = System/Library/Frameworks/CoreData.framework; sourceTree = SDKROOT; };
		E517BE3A1F7027DF00502522 /* MadridShops.xcdatamodel */ = {isa = PBXFileReference; lastKnownFileType = wrapper.xcdatamodel; path = MadridShops.xcdatamodel; sourceTree = "<group>"; };
		E517BE3C1F702A2800502522 /* CoreDataStack.swift */ = {isa = PBXFileReference; lastKnownFileType = sourcecode.swift; path = CoreDataStack.swift; sourceTree = "<group>"; };
		E517BE3F1F703BEB00502522 /* SaveAllShopsInteractor.swift */ = {isa = PBXFileReference; lastKnownFileType = sourcecode.swift; path = SaveAllShopsInteractor.swift; sourceTree = "<group>"; };
		E517BE411F703D7800502522 /* SaveAllShopsInteractorImplementation.swift */ = {isa = PBXFileReference; lastKnownFileType = sourcecode.swift; path = SaveAllShopsInteractorImplementation.swift; sourceTree = "<group>"; };
		E561F8301F673CA700D4629C /* DownloadAllShopsInteractorNSOperationImplementation.swift */ = {isa = PBXFileReference; lastKnownFileType = sourcecode.swift; path = DownloadAllShopsInteractorNSOperationImplementation.swift; sourceTree = "<group>"; };
		E582A7AE1F6D9F6500C87AA5 /* JSONParser.swift */ = {isa = PBXFileReference; lastKnownFileType = sourcecode.swift; path = JSONParser.swift; sourceTree = "<group>"; };
		E582A7B01F6DA3A300C87AA5 /* DownloadAllShopsinteractorNSURLSessionImplementation.swift */ = {isa = PBXFileReference; lastKnownFileType = sourcecode.swift; path = DownloadAllShopsinteractorNSURLSessionImplementation.swift; sourceTree = "<group>"; };
		E582A7B21F6DC2AF00C87AA5 /* ShopDetailViewController.swift */ = {isa = PBXFileReference; lastKnownFileType = sourcecode.swift; path = ShopDetailViewController.swift; sourceTree = "<group>"; };
		E582A7B51F6DF6DD00C87AA5 /* String+Image.swift */ = {isa = PBXFileReference; lastKnownFileType = sourcecode.swift; path = "String+Image.swift"; sourceTree = "<group>"; };
		E59A99901F67124D007A1EEA /* Podfile */ = {isa = PBXFileReference; lastKnownFileType = text; path = Podfile; sourceTree = "<group>"; };
		E5B40FC51F671E0100C2518D /* MainViewController.swift */ = {isa = PBXFileReference; lastKnownFileType = sourcecode.swift; path = MainViewController.swift; sourceTree = "<group>"; };
/* End PBXFileReference section */

/* Begin PBXFrameworksBuildPhase section */
		E51090B91F646AD60035DBD8 /* Frameworks */ = {
			isa = PBXFrameworksBuildPhase;
			buildActionMask = 2147483647;
			files = (
				E517BE381F7026E400502522 /* CoreData.framework in Frameworks */,
				E5120D9A1F654D2800A67C46 /* MapKit.framework in Frameworks */,
				C2696AE788630192B4900B03 /* Pods_MadridShops.framework in Frameworks */,
			);
			runOnlyForDeploymentPostprocessing = 0;
		};
		E51090CD1F646AD70035DBD8 /* Frameworks */ = {
			isa = PBXFrameworksBuildPhase;
			buildActionMask = 2147483647;
			files = (
				46B45161F054D4670082505D /* Pods_MadridShopsTests.framework in Frameworks */,
			);
			runOnlyForDeploymentPostprocessing = 0;
		};
/* End PBXFrameworksBuildPhase section */

/* Begin PBXGroup section */
		58B61BD15ED0788ADB1D478A /* Pods */ = {
			isa = PBXGroup;
			children = (
				1EF8DBB796F8CAB992D5B50A /* Pods-MadridShops.debug.xcconfig */,
				94E184AE2C12F4EADBD2B2C9 /* Pods-MadridShops.release.xcconfig */,
				026DCF5AB51B5AD5A2B24587 /* Pods-MadridShopsTests.debug.xcconfig */,
				793C16DD4B4C91C1D09FBF12 /* Pods-MadridShopsTests.release.xcconfig */,
			);
			name = Pods;
			sourceTree = "<group>";
		};
		E51090B31F646AD60035DBD8 = {
			isa = PBXGroup;
			children = (
				E59A99901F67124D007A1EEA /* Podfile */,
				E51090BE1F646AD60035DBD8 /* MadridShops */,
				E51090D31F646AD70035DBD8 /* MadridShopsTests */,
				E51090BD1F646AD60035DBD8 /* Products */,
				E5120D981F654D2800A67C46 /* Frameworks */,
				58B61BD15ED0788ADB1D478A /* Pods */,
			);
			sourceTree = "<group>";
		};
		E51090BD1F646AD60035DBD8 /* Products */ = {
			isa = PBXGroup;
			children = (
				E51090BC1F646AD60035DBD8 /* MadridShops.app */,
				E51090D01F646AD70035DBD8 /* MadridShopsTests.xctest */,
			);
			name = Products;
			sourceTree = "<group>";
		};
		E51090BE1F646AD60035DBD8 /* MadridShops */ = {
			isa = PBXGroup;
			children = (
				E51090BF1F646AD60035DBD8 /* AppDelegate.swift */,
				E582A7B41F6DF67500C87AA5 /* Util */,
				E51090E11F64765B0035DBD8 /* Model */,
				E51090E01F6476520035DBD8 /* View */,
				E51090DF1F6476480035DBD8 /* Controller */,
				E51090C61F646AD60035DBD8 /* Assets.xcassets */,
				E51090CB1F646AD60035DBD8 /* Info.plist */,
			);
			path = MadridShops;
			sourceTree = "<group>";
		};
		E51090D31F646AD70035DBD8 /* MadridShopsTests */ = {
			isa = PBXGroup;
			children = (
				E51090D61F646AD70035DBD8 /* Info.plist */,
				E51090E61F6487160035DBD8 /* ShopsTests.swift */,
			);
			path = MadridShopsTests;
			sourceTree = "<group>";
		};
		E51090DF1F6476480035DBD8 /* Controller */ = {
			isa = PBXGroup;
			children = (
				E51090C11F646AD60035DBD8 /* ViewController.swift */,
				E5120D9B1F654F0300A67C46 /* ViewController+CollectionViewController.swift */,
				E5B40FC51F671E0100C2518D /* MainViewController.swift */,
				E582A7B21F6DC2AF00C87AA5 /* ShopDetailViewController.swift */,
			);
			path = Controller;
			sourceTree = "<group>";
		};
		E51090E01F6476520035DBD8 /* View */ = {
			isa = PBXGroup;
			children = (
				E51090C31F646AD60035DBD8 /* Main.storyboard */,
				E51090C81F646AD60035DBD8 /* LaunchScreen.storyboard */,
				E5120D9D1F6553AE00A67C46 /* ShopCell.swift */,
			);
			path = View;
			sourceTree = "<group>";
		};
		E51090E11F64765B0035DBD8 /* Model */ = {
			isa = PBXGroup;
			children = (
				E582A7AD1F6D9F4800C87AA5 /* Json Parser */,
				E5120D911F64A99E00A67C46 /* Interactors */,
				E51090E21F6476B80035DBD8 /* Shop.swift */,
				E51090E41F647BF10035DBD8 /* Shops.swift */,
				E5120D941F64AE5D00A67C46 /* Typealias.swift */,
				E517BE391F7027DF00502522 /* MadridShops.xcdatamodeld */,
			);
			path = Model;
			sourceTree = "<group>";
		};
		E5120D911F64A99E00A67C46 /* Interactors */ = {
			isa = PBXGroup;
			children = (
				E517BE3E1F703B7800502522 /* CacheInteractors */,
				E5120D921F64AA4A00A67C46 /* DownloadAllShopsInteractor.swift */,
				E5120D961F64AEAC00A67C46 /* DownloadAllShopsInteractorFakeImplementation.swift */,
				E561F8301F673CA700D4629C /* DownloadAllShopsInteractorNSOperationImplementation.swift */,
				E582A7B01F6DA3A300C87AA5 /* DownloadAllShopsinteractorNSURLSessionImplementation.swift */,
			);
			path = Interactors;
			sourceTree = "<group>";
		};
		E5120D981F654D2800A67C46 /* Frameworks */ = {
			isa = PBXGroup;
			children = (
				E517BE371F7026E400502522 /* CoreData.framework */,
				E5120D991F654D2800A67C46 /* MapKit.framework */,
				AC21E528D692ECFA0129B9B9 /* Pods_MadridShops.framework */,
				4BAB7AE552108C61C99168EB /* Pods_MadridShopsTests.framework */,
			);
			name = Frameworks;
			sourceTree = "<group>";
		};
		E517BE3E1F703B7800502522 /* CacheInteractors */ = {
			isa = PBXGroup;
			children = (
				E517BE3F1F703BEB00502522 /* SaveAllShopsInteractor.swift */,
				E517BE411F703D7800502522 /* SaveAllShopsInteractorImplementation.swift */,
			);
			path = CacheInteractors;
			sourceTree = "<group>";
		};
		E582A7AD1F6D9F4800C87AA5 /* Json Parser */ = {
			isa = PBXGroup;
			children = (
				E582A7AE1F6D9F6500C87AA5 /* JSONParser.swift */,
			);
			path = "Json Parser";
			sourceTree = "<group>";
		};
		E582A7B41F6DF67500C87AA5 /* Util */ = {
			isa = PBXGroup;
			children = (
				E517BE3C1F702A2800502522 /* CoreDataStack.swift */,
				E582A7B51F6DF6DD00C87AA5 /* String+Image.swift */,
			);
			path = Util;
			sourceTree = "<group>";
		};
/* End PBXGroup section */

/* Begin PBXNativeTarget section */
		E51090BB1F646AD60035DBD8 /* MadridShops */ = {
			isa = PBXNativeTarget;
			buildConfigurationList = E51090D91F646AD70035DBD8 /* Build configuration list for PBXNativeTarget "MadridShops" */;
			buildPhases = (
				AA8D75696A214F5232F9A7F7 /* [CP] Check Pods Manifest.lock */,
				E51090B81F646AD60035DBD8 /* Sources */,
				E51090B91F646AD60035DBD8 /* Frameworks */,
				E51090BA1F646AD60035DBD8 /* Resources */,
				E8C824C6DC582557E6562A2C /* [CP] Embed Pods Frameworks */,
				5C1DF40DCF43EE6FDFB0AF57 /* [CP] Copy Pods Resources */,
			);
			buildRules = (
			);
			dependencies = (
			);
			name = MadridShops;
			productName = MadridShops;
			productReference = E51090BC1F646AD60035DBD8 /* MadridShops.app */;
			productType = "com.apple.product-type.application";
		};
		E51090CF1F646AD70035DBD8 /* MadridShopsTests */ = {
			isa = PBXNativeTarget;
			buildConfigurationList = E51090DC1F646AD70035DBD8 /* Build configuration list for PBXNativeTarget "MadridShopsTests" */;
			buildPhases = (
				9211D25640EA0BD497E2F05E /* [CP] Check Pods Manifest.lock */,
				E51090CC1F646AD70035DBD8 /* Sources */,
				E51090CD1F646AD70035DBD8 /* Frameworks */,
				E51090CE1F646AD70035DBD8 /* Resources */,
				83198B9B1665BDAB062EFD0D /* [CP] Embed Pods Frameworks */,
				FAE2A327ECC9959992349DCE /* [CP] Copy Pods Resources */,
			);
			buildRules = (
			);
			dependencies = (
				E51090D21F646AD70035DBD8 /* PBXTargetDependency */,
			);
			name = MadridShopsTests;
			productName = MadridShopsTests;
			productReference = E51090D01F646AD70035DBD8 /* MadridShopsTests.xctest */;
			productType = "com.apple.product-type.bundle.unit-test";
		};
/* End PBXNativeTarget section */

/* Begin PBXProject section */
		E51090B41F646AD60035DBD8 /* Project object */ = {
			isa = PBXProject;
			attributes = {
				LastSwiftUpdateCheck = 0900;
				LastUpgradeCheck = 0900;
				ORGANIZATIONNAME = "Fabio Gomez";
				TargetAttributes = {
					E51090BB1F646AD60035DBD8 = {
						CreatedOnToolsVersion = 9.0;
						ProvisioningStyle = Automatic;
						SystemCapabilities = {
							com.apple.Maps.iOS = {
								enabled = 1;
							};
						};
					};
					E51090CF1F646AD70035DBD8 = {
						CreatedOnToolsVersion = 9.0;
						ProvisioningStyle = Automatic;
						TestTargetID = E51090BB1F646AD60035DBD8;
					};
				};
			};
			buildConfigurationList = E51090B71F646AD60035DBD8 /* Build configuration list for PBXProject "MadridShops" */;
			compatibilityVersion = "Xcode 8.0";
			developmentRegion = en;
			hasScannedForEncodings = 0;
			knownRegions = (
				en,
				Base,
			);
			mainGroup = E51090B31F646AD60035DBD8;
			productRefGroup = E51090BD1F646AD60035DBD8 /* Products */;
			projectDirPath = "";
			projectRoot = "";
			targets = (
				E51090BB1F646AD60035DBD8 /* MadridShops */,
				E51090CF1F646AD70035DBD8 /* MadridShopsTests */,
			);
		};
/* End PBXProject section */

/* Begin PBXResourcesBuildPhase section */
		E51090BA1F646AD60035DBD8 /* Resources */ = {
			isa = PBXResourcesBuildPhase;
			buildActionMask = 2147483647;
			files = (
				E51090CA1F646AD60035DBD8 /* LaunchScreen.storyboard in Resources */,
				E51090C71F646AD60035DBD8 /* Assets.xcassets in Resources */,
				E59A99911F67124D007A1EEA /* Podfile in Resources */,
				E51090C51F646AD60035DBD8 /* Main.storyboard in Resources */,
			);
			runOnlyForDeploymentPostprocessing = 0;
		};
		E51090CE1F646AD70035DBD8 /* Resources */ = {
			isa = PBXResourcesBuildPhase;
			buildActionMask = 2147483647;
			files = (
			);
			runOnlyForDeploymentPostprocessing = 0;
		};
/* End PBXResourcesBuildPhase section */

/* Begin PBXShellScriptBuildPhase section */
		5C1DF40DCF43EE6FDFB0AF57 /* [CP] Copy Pods Resources */ = {
			isa = PBXShellScriptBuildPhase;
			buildActionMask = 2147483647;
			files = (
			);
			inputPaths = (
			);
			name = "[CP] Copy Pods Resources";
			outputPaths = (
			);
			runOnlyForDeploymentPostprocessing = 0;
			shellPath = /bin/sh;
			shellScript = "\"${SRCROOT}/Pods/Target Support Files/Pods-MadridShops/Pods-MadridShops-resources.sh\"\n";
			showEnvVarsInLog = 0;
		};
		83198B9B1665BDAB062EFD0D /* [CP] Embed Pods Frameworks */ = {
			isa = PBXShellScriptBuildPhase;
			buildActionMask = 2147483647;
			files = (
			);
			inputPaths = (
				"${SRCROOT}/Pods/Target Support Files/Pods-MadridShopsTests/Pods-MadridShopsTests-frameworks.sh",
				"${BUILT_PRODUCTS_DIR}/FillableLoaders/FillableLoaders.framework",
			);
			name = "[CP] Embed Pods Frameworks";
			outputPaths = (
				"${TARGET_BUILD_DIR}/${FRAMEWORKS_FOLDER_PATH}/FillableLoaders.framework",
			);
			runOnlyForDeploymentPostprocessing = 0;
			shellPath = /bin/sh;
			shellScript = "\"${SRCROOT}/Pods/Target Support Files/Pods-MadridShopsTests/Pods-MadridShopsTests-frameworks.sh\"\n";
			showEnvVarsInLog = 0;
		};
		9211D25640EA0BD497E2F05E /* [CP] Check Pods Manifest.lock */ = {
			isa = PBXShellScriptBuildPhase;
			buildActionMask = 2147483647;
			files = (
			);
			inputPaths = (
				"${PODS_PODFILE_DIR_PATH}/Podfile.lock",
				"${PODS_ROOT}/Manifest.lock",
			);
			name = "[CP] Check Pods Manifest.lock";
			outputPaths = (
				"$(DERIVED_FILE_DIR)/Pods-MadridShopsTests-checkManifestLockResult.txt",
			);
			runOnlyForDeploymentPostprocessing = 0;
			shellPath = /bin/sh;
			shellScript = "diff \"${PODS_PODFILE_DIR_PATH}/Podfile.lock\" \"${PODS_ROOT}/Manifest.lock\" > /dev/null\nif [ $? != 0 ] ; then\n    # print error to STDERR\n    echo \"error: The sandbox is not in sync with the Podfile.lock. Run 'pod install' or update your CocoaPods installation.\" >&2\n    exit 1\nfi\n# This output is used by Xcode 'outputs' to avoid re-running this script phase.\necho \"SUCCESS\" > \"${SCRIPT_OUTPUT_FILE_0}\"\n";
			showEnvVarsInLog = 0;
		};
		AA8D75696A214F5232F9A7F7 /* [CP] Check Pods Manifest.lock */ = {
			isa = PBXShellScriptBuildPhase;
			buildActionMask = 2147483647;
			files = (
			);
			inputPaths = (
				"${PODS_PODFILE_DIR_PATH}/Podfile.lock",
				"${PODS_ROOT}/Manifest.lock",
			);
			name = "[CP] Check Pods Manifest.lock";
			outputPaths = (
				"$(DERIVED_FILE_DIR)/Pods-MadridShops-checkManifestLockResult.txt",
			);
			runOnlyForDeploymentPostprocessing = 0;
			shellPath = /bin/sh;
			shellScript = "diff \"${PODS_PODFILE_DIR_PATH}/Podfile.lock\" \"${PODS_ROOT}/Manifest.lock\" > /dev/null\nif [ $? != 0 ] ; then\n    # print error to STDERR\n    echo \"error: The sandbox is not in sync with the Podfile.lock. Run 'pod install' or update your CocoaPods installation.\" >&2\n    exit 1\nfi\n# This output is used by Xcode 'outputs' to avoid re-running this script phase.\necho \"SUCCESS\" > \"${SCRIPT_OUTPUT_FILE_0}\"\n";
			showEnvVarsInLog = 0;
		};
		E8C824C6DC582557E6562A2C /* [CP] Embed Pods Frameworks */ = {
			isa = PBXShellScriptBuildPhase;
			buildActionMask = 2147483647;
			files = (
			);
			inputPaths = (
				"${SRCROOT}/Pods/Target Support Files/Pods-MadridShops/Pods-MadridShops-frameworks.sh",
				"${BUILT_PRODUCTS_DIR}/FillableLoaders/FillableLoaders.framework",
			);
			name = "[CP] Embed Pods Frameworks";
			outputPaths = (
				"${TARGET_BUILD_DIR}/${FRAMEWORKS_FOLDER_PATH}/FillableLoaders.framework",
			);
			runOnlyForDeploymentPostprocessing = 0;
			shellPath = /bin/sh;
			shellScript = "\"${SRCROOT}/Pods/Target Support Files/Pods-MadridShops/Pods-MadridShops-frameworks.sh\"\n";
			showEnvVarsInLog = 0;
		};
		FAE2A327ECC9959992349DCE /* [CP] Copy Pods Resources */ = {
			isa = PBXShellScriptBuildPhase;
			buildActionMask = 2147483647;
			files = (
			);
			inputPaths = (
			);
			name = "[CP] Copy Pods Resources";
			outputPaths = (
			);
			runOnlyForDeploymentPostprocessing = 0;
			shellPath = /bin/sh;
			shellScript = "\"${SRCROOT}/Pods/Target Support Files/Pods-MadridShopsTests/Pods-MadridShopsTests-resources.sh\"\n";
			showEnvVarsInLog = 0;
		};
/* End PBXShellScriptBuildPhase section */

/* Begin PBXSourcesBuildPhase section */
		E51090B81F646AD60035DBD8 /* Sources */ = {
			isa = PBXSourcesBuildPhase;
			buildActionMask = 2147483647;
			files = (
				E561F8311F673CA700D4629C /* DownloadAllShopsInteractorNSOperationImplementation.swift in Sources */,
				E51090E31F6476B80035DBD8 /* Shop.swift in Sources */,
				E582A7AF1F6D9F6500C87AA5 /* JSONParser.swift in Sources */,
				E517BE401F703BEB00502522 /* SaveAllShopsInteractor.swift in Sources */,
				E5120D9E1F6553AE00A67C46 /* ShopCell.swift in Sources */,
				E51090C21F646AD60035DBD8 /* ViewController.swift in Sources */,
				E517BE421F703D7800502522 /* SaveAllShopsInteractorImplementation.swift in Sources */,
				E51090C01F646AD60035DBD8 /* AppDelegate.swift in Sources */,
				E51090E51F647BF10035DBD8 /* Shops.swift in Sources */,
				E5120D971F64AEAC00A67C46 /* DownloadAllShopsInteractorFakeImplementation.swift in Sources */,
				E5120D9C1F654F0300A67C46 /* ViewController+CollectionViewController.swift in Sources */,
				E5120D951F64AE5D00A67C46 /* Typealias.swift in Sources */,
				E582A7B11F6DA3A300C87AA5 /* DownloadAllShopsinteractorNSURLSessionImplementation.swift in Sources */,
				E582A7B31F6DC2AF00C87AA5 /* ShopDetailViewController.swift in Sources */,
				E517BE3D1F702A2800502522 /* CoreDataStack.swift in Sources */,
				E5120D931F64AA4A00A67C46 /* DownloadAllShopsInteractor.swift in Sources */,
				E5B40FC61F671E0100C2518D /* MainViewController.swift in Sources */,
				E517BE3B1F7027DF00502522 /* MadridShops.xcdatamodeld in Sources */,
				E582A7B61F6DF6DD00C87AA5 /* String+Image.swift in Sources */,
			);
			runOnlyForDeploymentPostprocessing = 0;
		};
		E51090CC1F646AD70035DBD8 /* Sources */ = {
			isa = PBXSourcesBuildPhase;
			buildActionMask = 2147483647;
			files = (
				E51090E71F6487160035DBD8 /* ShopsTests.swift in Sources */,
			);
			runOnlyForDeploymentPostprocessing = 0;
		};
/* End PBXSourcesBuildPhase section */

/* Begin PBXTargetDependency section */
		E51090D21F646AD70035DBD8 /* PBXTargetDependency */ = {
			isa = PBXTargetDependency;
			target = E51090BB1F646AD60035DBD8 /* MadridShops */;
			targetProxy = E51090D11F646AD70035DBD8 /* PBXContainerItemProxy */;
		};
/* End PBXTargetDependency section */

/* Begin PBXVariantGroup section */
		E51090C31F646AD60035DBD8 /* Main.storyboard */ = {
			isa = PBXVariantGroup;
			children = (
				E51090C41F646AD60035DBD8 /* Base */,
			);
			name = Main.storyboard;
			sourceTree = "<group>";
		};
		E51090C81F646AD60035DBD8 /* LaunchScreen.storyboard */ = {
			isa = PBXVariantGroup;
			children = (
				E51090C91F646AD60035DBD8 /* Base */,
			);
			name = LaunchScreen.storyboard;
			sourceTree = "<group>";
		};
/* End PBXVariantGroup section */

/* Begin XCBuildConfiguration section */
		E51090D71F646AD70035DBD8 /* Debug */ = {
			isa = XCBuildConfiguration;
			buildSettings = {
				ALWAYS_SEARCH_USER_PATHS = NO;
				CLANG_ANALYZER_NONNULL = YES;
				CLANG_ANALYZER_NUMBER_OBJECT_CONVERSION = YES_AGGRESSIVE;
				CLANG_CXX_LANGUAGE_STANDARD = "gnu++14";
				CLANG_CXX_LIBRARY = "libc++";
				CLANG_ENABLE_MODULES = YES;
				CLANG_ENABLE_OBJC_ARC = YES;
				CLANG_WARN_BLOCK_CAPTURE_AUTORELEASING = YES;
				CLANG_WARN_BOOL_CONVERSION = YES;
				CLANG_WARN_COMMA = YES;
				CLANG_WARN_CONSTANT_CONVERSION = YES;
				CLANG_WARN_DIRECT_OBJC_ISA_USAGE = YES_ERROR;
				CLANG_WARN_DOCUMENTATION_COMMENTS = YES;
				CLANG_WARN_EMPTY_BODY = YES;
				CLANG_WARN_ENUM_CONVERSION = YES;
				CLANG_WARN_INFINITE_RECURSION = YES;
				CLANG_WARN_INT_CONVERSION = YES;
				CLANG_WARN_NON_LITERAL_NULL_CONVERSION = YES;
				CLANG_WARN_OBJC_LITERAL_CONVERSION = YES;
				CLANG_WARN_OBJC_ROOT_CLASS = YES_ERROR;
				CLANG_WARN_RANGE_LOOP_ANALYSIS = YES;
				CLANG_WARN_STRICT_PROTOTYPES = YES;
				CLANG_WARN_SUSPICIOUS_MOVE = YES;
				CLANG_WARN_UNGUARDED_AVAILABILITY = YES_AGGRESSIVE;
				CLANG_WARN_UNREACHABLE_CODE = YES;
				CLANG_WARN__DUPLICATE_METHOD_MATCH = YES;
				CODE_SIGN_IDENTITY = "iPhone Developer";
				COPY_PHASE_STRIP = NO;
				DEBUG_INFORMATION_FORMAT = dwarf;
				ENABLE_STRICT_OBJC_MSGSEND = YES;
				ENABLE_TESTABILITY = YES;
				GCC_C_LANGUAGE_STANDARD = gnu11;
				GCC_DYNAMIC_NO_PIC = NO;
				GCC_NO_COMMON_BLOCKS = YES;
				GCC_OPTIMIZATION_LEVEL = 0;
				GCC_PREPROCESSOR_DEFINITIONS = (
					"DEBUG=1",
					"$(inherited)",
				);
				GCC_WARN_64_TO_32_BIT_CONVERSION = YES;
				GCC_WARN_ABOUT_RETURN_TYPE = YES_ERROR;
				GCC_WARN_UNDECLARED_SELECTOR = YES;
				GCC_WARN_UNINITIALIZED_AUTOS = YES_AGGRESSIVE;
				GCC_WARN_UNUSED_FUNCTION = YES;
				GCC_WARN_UNUSED_VARIABLE = YES;
				IPHONEOS_DEPLOYMENT_TARGET = 10.0;
				MTL_ENABLE_DEBUG_INFO = YES;
				ONLY_ACTIVE_ARCH = YES;
				SDKROOT = iphoneos;
				SWIFT_ACTIVE_COMPILATION_CONDITIONS = DEBUG;
				SWIFT_OPTIMIZATION_LEVEL = "-Onone";
			};
			name = Debug;
		};
		E51090D81F646AD70035DBD8 /* Release */ = {
			isa = XCBuildConfiguration;
			buildSettings = {
				ALWAYS_SEARCH_USER_PATHS = NO;
				CLANG_ANALYZER_NONNULL = YES;
				CLANG_ANALYZER_NUMBER_OBJECT_CONVERSION = YES_AGGRESSIVE;
				CLANG_CXX_LANGUAGE_STANDARD = "gnu++14";
				CLANG_CXX_LIBRARY = "libc++";
				CLANG_ENABLE_MODULES = YES;
				CLANG_ENABLE_OBJC_ARC = YES;
				CLANG_WARN_BLOCK_CAPTURE_AUTORELEASING = YES;
				CLANG_WARN_BOOL_CONVERSION = YES;
				CLANG_WARN_COMMA = YES;
				CLANG_WARN_CONSTANT_CONVERSION = YES;
				CLANG_WARN_DIRECT_OBJC_ISA_USAGE = YES_ERROR;
				CLANG_WARN_DOCUMENTATION_COMMENTS = YES;
				CLANG_WARN_EMPTY_BODY = YES;
				CLANG_WARN_ENUM_CONVERSION = YES;
				CLANG_WARN_INFINITE_RECURSION = YES;
				CLANG_WARN_INT_CONVERSION = YES;
				CLANG_WARN_NON_LITERAL_NULL_CONVERSION = YES;
				CLANG_WARN_OBJC_LITERAL_CONVERSION = YES;
				CLANG_WARN_OBJC_ROOT_CLASS = YES_ERROR;
				CLANG_WARN_RANGE_LOOP_ANALYSIS = YES;
				CLANG_WARN_STRICT_PROTOTYPES = YES;
				CLANG_WARN_SUSPICIOUS_MOVE = YES;
				CLANG_WARN_UNGUARDED_AVAILABILITY = YES_AGGRESSIVE;
				CLANG_WARN_UNREACHABLE_CODE = YES;
				CLANG_WARN__DUPLICATE_METHOD_MATCH = YES;
				CODE_SIGN_IDENTITY = "iPhone Developer";
				COPY_PHASE_STRIP = NO;
				DEBUG_INFORMATION_FORMAT = "dwarf-with-dsym";
				ENABLE_NS_ASSERTIONS = NO;
				ENABLE_STRICT_OBJC_MSGSEND = YES;
				GCC_C_LANGUAGE_STANDARD = gnu11;
				GCC_NO_COMMON_BLOCKS = YES;
				GCC_WARN_64_TO_32_BIT_CONVERSION = YES;
				GCC_WARN_ABOUT_RETURN_TYPE = YES_ERROR;
				GCC_WARN_UNDECLARED_SELECTOR = YES;
				GCC_WARN_UNINITIALIZED_AUTOS = YES_AGGRESSIVE;
				GCC_WARN_UNUSED_FUNCTION = YES;
				GCC_WARN_UNUSED_VARIABLE = YES;
				IPHONEOS_DEPLOYMENT_TARGET = 10.0;
				MTL_ENABLE_DEBUG_INFO = NO;
				SDKROOT = iphoneos;
				SWIFT_OPTIMIZATION_LEVEL = "-Owholemodule";
				VALIDATE_PRODUCT = YES;
			};
			name = Release;
		};
		E51090DA1F646AD70035DBD8 /* Debug */ = {
			isa = XCBuildConfiguration;
			baseConfigurationReference = 1EF8DBB796F8CAB992D5B50A /* Pods-MadridShops.debug.xcconfig */;
			buildSettings = {
				ASSETCATALOG_COMPILER_APPICON_NAME = AppIcon;
				CODE_SIGN_STYLE = Automatic;
				INFOPLIST_FILE = MadridShops/Info.plist;
				LD_RUNPATH_SEARCH_PATHS = "$(inherited) @executable_path/Frameworks";
				PRODUCT_BUNDLE_IDENTIFIER = fgp.MadridShops;
				PRODUCT_NAME = "$(TARGET_NAME)";
				SWIFT_VERSION = 4.0;
				TARGETED_DEVICE_FAMILY = "1,2";
			};
			name = Debug;
		};
		E51090DB1F646AD70035DBD8 /* Release */ = {
			isa = XCBuildConfiguration;
			baseConfigurationReference = 94E184AE2C12F4EADBD2B2C9 /* Pods-MadridShops.release.xcconfig */;
			buildSettings = {
				ASSETCATALOG_COMPILER_APPICON_NAME = AppIcon;
				CODE_SIGN_STYLE = Automatic;
				INFOPLIST_FILE = MadridShops/Info.plist;
				LD_RUNPATH_SEARCH_PATHS = "$(inherited) @executable_path/Frameworks";
				PRODUCT_BUNDLE_IDENTIFIER = fgp.MadridShops;
				PRODUCT_NAME = "$(TARGET_NAME)";
				SWIFT_VERSION = 4.0;
				TARGETED_DEVICE_FAMILY = "1,2";
			};
			name = Release;
		};
		E51090DD1F646AD70035DBD8 /* Debug */ = {
			isa = XCBuildConfiguration;
			baseConfigurationReference = 026DCF5AB51B5AD5A2B24587 /* Pods-MadridShopsTests.debug.xcconfig */;
			buildSettings = {
				ALWAYS_EMBED_SWIFT_STANDARD_LIBRARIES = YES;
				BUNDLE_LOADER = "$(TEST_HOST)";
				CODE_SIGN_STYLE = Automatic;
				INFOPLIST_FILE = MadridShopsTests/Info.plist;
				LD_RUNPATH_SEARCH_PATHS = "$(inherited) @executable_path/Frameworks @loader_path/Frameworks";
				PRODUCT_BUNDLE_IDENTIFIER = fgp.MadridShopsTests;
				PRODUCT_NAME = "$(TARGET_NAME)";
				SWIFT_VERSION = 4.0;
				TARGETED_DEVICE_FAMILY = "1,2";
				TEST_HOST = "$(BUILT_PRODUCTS_DIR)/MadridShops.app/MadridShops";
			};
			name = Debug;
		};
		E51090DE1F646AD70035DBD8 /* Release */ = {
			isa = XCBuildConfiguration;
			baseConfigurationReference = 793C16DD4B4C91C1D09FBF12 /* Pods-MadridShopsTests.release.xcconfig */;
			buildSettings = {
				ALWAYS_EMBED_SWIFT_STANDARD_LIBRARIES = YES;
				BUNDLE_LOADER = "$(TEST_HOST)";
				CODE_SIGN_STYLE = Automatic;
				INFOPLIST_FILE = MadridShopsTests/Info.plist;
				LD_RUNPATH_SEARCH_PATHS = "$(inherited) @executable_path/Frameworks @loader_path/Frameworks";
				PRODUCT_BUNDLE_IDENTIFIER = fgp.MadridShopsTests;
				PRODUCT_NAME = "$(TARGET_NAME)";
				SWIFT_VERSION = 4.0;
				TARGETED_DEVICE_FAMILY = "1,2";
				TEST_HOST = "$(BUILT_PRODUCTS_DIR)/MadridShops.app/MadridShops";
			};
			name = Release;
		};
/* End XCBuildConfiguration section */

/* Begin XCConfigurationList section */
		E51090B71F646AD60035DBD8 /* Build configuration list for PBXProject "MadridShops" */ = {
			isa = XCConfigurationList;
			buildConfigurations = (
				E51090D71F646AD70035DBD8 /* Debug */,
				E51090D81F646AD70035DBD8 /* Release */,
			);
			defaultConfigurationIsVisible = 0;
			defaultConfigurationName = Release;
		};
		E51090D91F646AD70035DBD8 /* Build configuration list for PBXNativeTarget "MadridShops" */ = {
			isa = XCConfigurationList;
			buildConfigurations = (
				E51090DA1F646AD70035DBD8 /* Debug */,
				E51090DB1F646AD70035DBD8 /* Release */,
			);
			defaultConfigurationIsVisible = 0;
			defaultConfigurationName = Release;
		};
		E51090DC1F646AD70035DBD8 /* Build configuration list for PBXNativeTarget "MadridShopsTests" */ = {
			isa = XCConfigurationList;
			buildConfigurations = (
				E51090DD1F646AD70035DBD8 /* Debug */,
				E51090DE1F646AD70035DBD8 /* Release */,
			);
			defaultConfigurationIsVisible = 0;
			defaultConfigurationName = Release;
		};
/* End XCConfigurationList section */

/* Begin XCVersionGroup section */
		E517BE391F7027DF00502522 /* MadridShops.xcdatamodeld */ = {
			isa = XCVersionGroup;
			children = (
				E517BE3A1F7027DF00502522 /* MadridShops.xcdatamodel */,
			);
			currentVersion = E517BE3A1F7027DF00502522 /* MadridShops.xcdatamodel */;
			path = MadridShops.xcdatamodeld;
			sourceTree = "<group>";
			versionGroupType = wrapper.xcdatamodel;
		};
/* End XCVersionGroup section */
	};
	rootObject = E51090B41F646AD60035DBD8 /* Project object */;
}
